
Microsoft Visual Studio Solution File, Format Version 12.00
# Visual Studio Version 16
VisualStudioVersion = 16.0.34031.81
MinimumVisualStudioVersion = 10.0.40219.1
Project("{FAE04EC0-301F-11D3-BF4B-00C04F79EFBC}") = "FoodOrderSystem_", "FoodOrderSystem_.csproj", "{3A8D5759-EE41-4E00-9DE0-F0E363BA4BBF}"
EndProject
Global
	GlobalSection(SolutionConfigurationPlatforms) = preSolution
		Debug|Any CPU = Debug|Any CPU
		Release|Any CPU = Release|Any CPU
	EndGlobalSection
	GlobalSection(ProjectConfigurationPlatforms) = postSolution
		{3A8D5759-EE41-4E00-9DE0-F0E363BA4BBF}.Debug|Any CPU.ActiveCfg = Debug|Any CPU
		{3A8D5759-EE41-4E00-9DE0-F0E363BA4BBF}.Debug|Any CPU.Build.0 = Debug|Any CPU
		{3A8D5759-EE41-4E00-9DE0-F0E363BA4BBF}.Release|Any CPU.ActiveCfg = Release|Any CPU
		{3A8D5759-EE41-4E00-9DE0-F0E363BA4BBF}.Release|Any CPU.Build.0 = Release|Any CPU
	EndGlobalSection
	GlobalSection(SolutionProperties) = preSolution
		HideSolutionNode = FALSE
	EndGlobalSection
	GlobalSection(ExtensibilityGlobals) = postSolution
		SolutionGuid = {B145FBDA-F2DD-4676-B0D0-15A228E44E6C}
	EndGlobalSection
EndGlobal
